
Microsoft Visual Studio Solution File, Format Version 12.00
# Visual Studio Version 17
VisualStudioVersion = 17.0.31912.275
MinimumVisualStudioVersion = 10.0.40219.1
Project("{FAE04EC0-301F-11D3-BF4B-00C04F79EFBC}") = "CarGallery", "CarGallery.csproj", "{8400B585-6E0B-4E14-9749-AA71F6222C0C}"
EndProject
Global
	GlobalSection(SolutionConfigurationPlatforms) = preSolution
		Debug|Any CPU = Debug|Any CPU
		Release|Any CPU = Release|Any CPU
	EndGlobalSection
	GlobalSection(ProjectConfigurationPlatforms) = postSolution
		{8400B585-6E0B-4E14-9749-AA71F6222C0C}.Debug|Any CPU.ActiveCfg = Debug|Any CPU
		{8400B585-6E0B-4E14-9749-AA71F6222C0C}.Debug|Any CPU.Build.0 = Debug|Any CPU
		{8400B585-6E0B-4E14-9749-AA71F6222C0C}.Release|Any CPU.ActiveCfg = Release|Any CPU
		{8400B585-6E0B-4E14-9749-AA71F6222C0C}.Release|Any CPU.Build.0 = Release|Any CPU
	EndGlobalSection
	GlobalSection(SolutionProperties) = preSolution
		HideSolutionNode = FALSE
	EndGlobalSection
	GlobalSection(ExtensibilityGlobals) = postSolution
		SolutionGuid = {2AA21EC1-5686-4E3D-B76F-73875269D792}
	EndGlobalSection
EndGlobal
